
Microsoft Visual Studio Solution File, Format Version 12.00
# Visual Studio 14
VisualStudioVersion = 14.0.25420.1
MinimumVisualStudioVersion = 10.0.40219.1
Project("{8BC9CEB8-8B4A-11D0-8D11-00A0C91BC942}") = "CSSOTema2", "CSSOTema2\CSSOTema2.vcxproj", "{E52CAC9F-D112-4D51-9D1D-BA7EC238072D}"
EndProject
Project("{8BC9CEB8-8B4A-11D0-8D11-00A0C91BC942}") = "CSSOTema2.2", "CSSOTema2.2\CSSOTema2.2.vcxproj", "{CED91C3B-5579-4BF5-B45B-026A5395D5F0}"
EndProject
Global
	GlobalSection(SolutionConfigurationPlatforms) = preSolution
		Debug|x64 = Debug|x64
		Debug|x86 = Debug|x86
		Release|x64 = Release|x64
		Release|x86 = Release|x86
	EndGlobalSection
	GlobalSection(ProjectConfigurationPlatforms) = postSolution
		{E52CAC9F-D112-4D51-9D1D-BA7EC238072D}.Debug|x64.ActiveCfg = Debug|x64
		{E52CAC9F-D112-4D51-9D1D-BA7EC238072D}.Debug|x64.Build.0 = Debug|x64
		{E52CAC9F-D112-4D51-9D1D-BA7EC238072D}.Debug|x86.ActiveCfg = Debug|Win32
		{E52CAC9F-D112-4D51-9D1D-BA7EC238072D}.Debug|x86.Build.0 = Debug|Win32
		{E52CAC9F-D112-4D51-9D1D-BA7EC238072D}.Release|x64.ActiveCfg = Release|x64
		{E52CAC9F-D112-4D51-9D1D-BA7EC238072D}.Release|x64.Build.0 = Release|x64
		{E52CAC9F-D112-4D51-9D1D-BA7EC238072D}.Release|x86.ActiveCfg = Release|Win32
		{E52CAC9F-D112-4D51-9D1D-BA7EC238072D}.Release|x86.Build.0 = Release|Win32
		{CED91C3B-5579-4BF5-B45B-026A5395D5F0}.Debug|x64.ActiveCfg = Debug|x64
		{CED91C3B-5579-4BF5-B45B-026A5395D5F0}.Debug|x64.Build.0 = Debug|x64
		{CED91C3B-5579-4BF5-B45B-026A5395D5F0}.Debug|x86.ActiveCfg = Debug|Win32
		{CED91C3B-5579-4BF5-B45B-026A5395D5F0}.Debug|x86.Build.0 = Debug|Win32
		{CED91C3B-5579-4BF5-B45B-026A5395D5F0}.Release|x64.ActiveCfg = Release|x64
		{CED91C3B-5579-4BF5-B45B-026A5395D5F0}.Release|x64.Build.0 = Release|x64
		{CED91C3B-5579-4BF5-B45B-026A5395D5F0}.Release|x86.ActiveCfg = Release|Win32
		{CED91C3B-5579-4BF5-B45B-026A5395D5F0}.Release|x86.Build.0 = Release|Win32
	EndGlobalSection
	GlobalSection(SolutionProperties) = preSolution
		HideSolutionNode = FALSE
	EndGlobalSection
EndGlobal
